
Microsoft Visual Studio Solution File, Format Version 12.00
# Visual Studio Version 16
VisualStudioVersion = 16.0.31410.357
MinimumVisualStudioVersion = 10.0.40219.1
Project("{FAE04EC0-301F-11D3-BF4B-00C04F79EFBC}") = "MilesAhead", "MilesAhead\MilesAhead.csproj", "{20E390AD-BF0C-4DF9-B651-F23A949E8779}"
EndProject
Project("{FAE04EC0-301F-11D3-BF4B-00C04F79EFBC}") = "MilesAhead.Data", "MilesAhead.Data\MilesAhead.Data.csproj", "{F03E99D7-4BE5-4FE4-99C5-7139B5420F2A}"
EndProject
Project("{FAE04EC0-301F-11D3-BF4B-00C04F79EFBC}") = "MilesAhead.Models", "MilesAhead.Models\MilesAhead.Models.csproj", "{95CBF9B2-515C-46B0-8651-01BC03AC4F31}"
EndProject
Project("{FAE04EC0-301F-11D3-BF4B-00C04F79EFBC}") = "MilesAhead.Services", "MilesAhead.Service\MilesAhead.Services.csproj", "{7A7DBC06-9093-4322-AE1C-76F5A52201B0}"
EndProject
Global
	GlobalSection(SolutionConfigurationPlatforms) = preSolution
		Debug|Any CPU = Debug|Any CPU
		Release|Any CPU = Release|Any CPU
	EndGlobalSection
	GlobalSection(ProjectConfigurationPlatforms) = postSolution
		{20E390AD-BF0C-4DF9-B651-F23A949E8779}.Debug|Any CPU.ActiveCfg = Debug|Any CPU
		{20E390AD-BF0C-4DF9-B651-F23A949E8779}.Debug|Any CPU.Build.0 = Debug|Any CPU
		{20E390AD-BF0C-4DF9-B651-F23A949E8779}.Release|Any CPU.ActiveCfg = Release|Any CPU
		{20E390AD-BF0C-4DF9-B651-F23A949E8779}.Release|Any CPU.Build.0 = Release|Any CPU
		{F03E99D7-4BE5-4FE4-99C5-7139B5420F2A}.Debug|Any CPU.ActiveCfg = Debug|Any CPU
		{F03E99D7-4BE5-4FE4-99C5-7139B5420F2A}.Debug|Any CPU.Build.0 = Debug|Any CPU
		{F03E99D7-4BE5-4FE4-99C5-7139B5420F2A}.Release|Any CPU.ActiveCfg = Release|Any CPU
		{F03E99D7-4BE5-4FE4-99C5-7139B5420F2A}.Release|Any CPU.Build.0 = Release|Any CPU
		{95CBF9B2-515C-46B0-8651-01BC03AC4F31}.Debug|Any CPU.ActiveCfg = Debug|Any CPU
		{95CBF9B2-515C-46B0-8651-01BC03AC4F31}.Debug|Any CPU.Build.0 = Debug|Any CPU
		{95CBF9B2-515C-46B0-8651-01BC03AC4F31}.Release|Any CPU.ActiveCfg = Release|Any CPU
		{95CBF9B2-515C-46B0-8651-01BC03AC4F31}.Release|Any CPU.Build.0 = Release|Any CPU
		{7A7DBC06-9093-4322-AE1C-76F5A52201B0}.Debug|Any CPU.ActiveCfg = Debug|Any CPU
		{7A7DBC06-9093-4322-AE1C-76F5A52201B0}.Debug|Any CPU.Build.0 = Debug|Any CPU
		{7A7DBC06-9093-4322-AE1C-76F5A52201B0}.Release|Any CPU.ActiveCfg = Release|Any CPU
		{7A7DBC06-9093-4322-AE1C-76F5A52201B0}.Release|Any CPU.Build.0 = Release|Any CPU
	EndGlobalSection
	GlobalSection(SolutionProperties) = preSolution
		HideSolutionNode = FALSE
	EndGlobalSection
	GlobalSection(ExtensibilityGlobals) = postSolution
		SolutionGuid = {047263A2-8CA5-4D39-B699-74A0E4DD654B}
	EndGlobalSection
EndGlobal
